github.com/google/go-cmp v0.4.0/go.mod h1:v8dTdLbMG2kIc/vJvl+f65V22dbkXbowE6jgT/gNBxE=
github.com/sajari/regression v1.0.0/go.mod h1:NeG/XTW1lYfGY7YV/Z0nYDV/RGh3wxwd1yW46835flM=
github.com/sajari/regression v1.0.1 h1:iTVc6ZACGCkoXC+8NdqH5tIreslDTT/bXxT6OmHR5PE=
github.com/sajari/regression v1.0.1/go.mod h1:NeG/XTW1lYfGY7YV/Z0nYDV/RGh3wxwd1yW46835flM=
github.com/yunabe/easycsv v0.0.2 h1:71t6MV9+p0lO7POEFU6z3BkzQAlDAN4dO3AzllRhbdo=
github.com/yunabe/easycsv v0.0.2/go.mod h1:JFAbAhLlYGYizG1HqSz+UNxU5bKEk65MXu2VXgFuNNQ=
golang.org/x/xerrors v0.0.0-20191204190536-9bdfabe68543/go.mod h1:I/5z698sn9Ka8TeJc9MKroUUfqBBauWjQqLJ2OPfmY0=
gonum.org/v1/gonum v0.16.0 h1:5+ul4Swaf3ESvrOnidPp4GZbzf0mxVQpDCYUQE7OJfk=
gonum.org/v1/gonum v0.16.0/go.mod h1:fef3am4MQ93R2HHpKnLk4/Tbh/s0+wqD5nfa6Pnwy4E=
